
Microsoft Visual Studio Solution File, Format Version 12.00
# Visual Studio Version 16
VisualStudioVersion = 16.0.31515.178
MinimumVisualStudioVersion = 10.0.40219.1
Project("{FAE04EC0-301F-11D3-BF4B-00C04F79EFBC}") = "Flash Cards", "Flash Cards\Flash Cards.csproj", "{9C43A4EC-2662-4316-B94C-08321F17101B}"
EndProject
Global
	GlobalSection(SolutionConfigurationPlatforms) = preSolution
		Debug|Any CPU = Debug|Any CPU
		Release|Any CPU = Release|Any CPU
	EndGlobalSection
	GlobalSection(ProjectConfigurationPlatforms) = postSolution
		{9C43A4EC-2662-4316-B94C-08321F17101B}.Debug|Any CPU.ActiveCfg = Debug|Any CPU
		{9C43A4EC-2662-4316-B94C-08321F17101B}.Debug|Any CPU.Build.0 = Debug|Any CPU
		{9C43A4EC-2662-4316-B94C-08321F17101B}.Release|Any CPU.ActiveCfg = Release|Any CPU
		{9C43A4EC-2662-4316-B94C-08321F17101B}.Release|Any CPU.Build.0 = Release|Any CPU
	EndGlobalSection
	GlobalSection(SolutionProperties) = preSolution
		HideSolutionNode = FALSE
	EndGlobalSection
	GlobalSection(ExtensibilityGlobals) = postSolution
		SolutionGuid = {5BEBF2C9-68D8-40A3-8343-D281587DC62C}
	EndGlobalSection
EndGlobal
